
Microsoft Visual Studio Solution File, Format Version 12.00
# Visual Studio Version 16
VisualStudioVersion = 16.0.30907.101
MinimumVisualStudioVersion = 10.0.40219.1
Project("{9A19103F-16F7-4668-BE54-9A1E7A4F7556}") = "RestService", "RestService\RestService.csproj", "{D6CBEB6F-EFEA-4499-817D-21F0B2E8019E}"
EndProject
Project("{9A19103F-16F7-4668-BE54-9A1E7A4F7556}") = "RestServiceTests", "RestServiceTests\RestServiceTests.csproj", "{CCE6A38B-3691-45C2-9816-CE74B7A24707}"
EndProject
Project("{9A19103F-16F7-4668-BE54-9A1E7A4F7556}") = "Domain", "Domain\Domain.csproj", "{33CC50BF-E2E7-4C55-8C27-766D402F1618}"
EndProject
Project("{9A19103F-16F7-4668-BE54-9A1E7A4F7556}") = "SqlRepositories", "SqlDatabases\SqlRepositories.csproj", "{FD3A9420-C1B4-474B-A71E-E3AE2A47B9F3}"
EndProject
Project("{FAE04EC0-301F-11D3-BF4B-00C04F79EFBC}") = "SqlRepositoriesTests", "SqlRepositoriesTests\SqlRepositoriesTests.csproj", "{7FBB96BB-26EE-4306-9DFF-2BA688B7B8AF}"
EndProject
Project("{E53339B2-1760-4266-BCC7-CA923CBCF16C}") = "docker-compose", "docker-compose.dcproj", "{E4D613FD-2AF4-4DD1-B772-63FF030CA19D}"
EndProject
Global
	GlobalSection(SolutionConfigurationPlatforms) = preSolution
		Debug|Any CPU = Debug|Any CPU
		Release|Any CPU = Release|Any CPU
	EndGlobalSection
	GlobalSection(ProjectConfigurationPlatforms) = postSolution
		{D6CBEB6F-EFEA-4499-817D-21F0B2E8019E}.Debug|Any CPU.ActiveCfg = Debug|Any CPU
		{D6CBEB6F-EFEA-4499-817D-21F0B2E8019E}.Debug|Any CPU.Build.0 = Debug|Any CPU
		{D6CBEB6F-EFEA-4499-817D-21F0B2E8019E}.Release|Any CPU.ActiveCfg = Release|Any CPU
		{D6CBEB6F-EFEA-4499-817D-21F0B2E8019E}.Release|Any CPU.Build.0 = Release|Any CPU
		{CCE6A38B-3691-45C2-9816-CE74B7A24707}.Debug|Any CPU.ActiveCfg = Debug|Any CPU
		{CCE6A38B-3691-45C2-9816-CE74B7A24707}.Debug|Any CPU.Build.0 = Debug|Any CPU
		{CCE6A38B-3691-45C2-9816-CE74B7A24707}.Release|Any CPU.ActiveCfg = Release|Any CPU
		{CCE6A38B-3691-45C2-9816-CE74B7A24707}.Release|Any CPU.Build.0 = Release|Any CPU
		{33CC50BF-E2E7-4C55-8C27-766D402F1618}.Debug|Any CPU.ActiveCfg = Debug|Any CPU
		{33CC50BF-E2E7-4C55-8C27-766D402F1618}.Debug|Any CPU.Build.0 = Debug|Any CPU
		{33CC50BF-E2E7-4C55-8C27-766D402F1618}.Release|Any CPU.ActiveCfg = Release|Any CPU
		{33CC50BF-E2E7-4C55-8C27-766D402F1618}.Release|Any CPU.Build.0 = Release|Any CPU
		{FD3A9420-C1B4-474B-A71E-E3AE2A47B9F3}.Debug|Any CPU.ActiveCfg = Debug|Any CPU
		{FD3A9420-C1B4-474B-A71E-E3AE2A47B9F3}.Debug|Any CPU.Build.0 = Debug|Any CPU
		{FD3A9420-C1B4-474B-A71E-E3AE2A47B9F3}.Release|Any CPU.ActiveCfg = Release|Any CPU
		{FD3A9420-C1B4-474B-A71E-E3AE2A47B9F3}.Release|Any CPU.Build.0 = Release|Any CPU
		{7FBB96BB-26EE-4306-9DFF-2BA688B7B8AF}.Debug|Any CPU.ActiveCfg = Debug|Any CPU
		{7FBB96BB-26EE-4306-9DFF-2BA688B7B8AF}.Debug|Any CPU.Build.0 = Debug|Any CPU
		{7FBB96BB-26EE-4306-9DFF-2BA688B7B8AF}.Release|Any CPU.ActiveCfg = Release|Any CPU
		{7FBB96BB-26EE-4306-9DFF-2BA688B7B8AF}.Release|Any CPU.Build.0 = Release|Any CPU
		{E4D613FD-2AF4-4DD1-B772-63FF030CA19D}.Debug|Any CPU.ActiveCfg = Debug|Any CPU
		{E4D613FD-2AF4-4DD1-B772-63FF030CA19D}.Debug|Any CPU.Build.0 = Debug|Any CPU
		{E4D613FD-2AF4-4DD1-B772-63FF030CA19D}.Release|Any CPU.ActiveCfg = Release|Any CPU
		{E4D613FD-2AF4-4DD1-B772-63FF030CA19D}.Release|Any CPU.Build.0 = Release|Any CPU
	EndGlobalSection
	GlobalSection(SolutionProperties) = preSolution
		HideSolutionNode = FALSE
	EndGlobalSection
	GlobalSection(ExtensibilityGlobals) = postSolution
		SolutionGuid = {2E26DA7E-98C7-4049-B5BC-D139F531954F}
	EndGlobalSection
EndGlobal
